
Microsoft Visual Studio Solution File, Format Version 12.00
# Visual Studio Version 17
VisualStudioVersion = 17.14.36518.9
MinimumVisualStudioVersion = 10.0.40219.1
Project("{FAE04EC0-301F-11D3-BF4B-00C04F79EFBC}") = "Baciu_Dora_Lab2", "Baciu_Dora_Lab2.csproj", "{13B09D3D-F26C-4BD1-9196-843CA38DF473}"
EndProject
Global
	GlobalSection(SolutionConfigurationPlatforms) = preSolution
		Debug|Any CPU = Debug|Any CPU
		Release|Any CPU = Release|Any CPU
	EndGlobalSection
	GlobalSection(ProjectConfigurationPlatforms) = postSolution
		{13B09D3D-F26C-4BD1-9196-843CA38DF473}.Debug|Any CPU.ActiveCfg = Debug|Any CPU
		{13B09D3D-F26C-4BD1-9196-843CA38DF473}.Debug|Any CPU.Build.0 = Debug|Any CPU
		{13B09D3D-F26C-4BD1-9196-843CA38DF473}.Release|Any CPU.ActiveCfg = Release|Any CPU
		{13B09D3D-F26C-4BD1-9196-843CA38DF473}.Release|Any CPU.Build.0 = Release|Any CPU
	EndGlobalSection
	GlobalSection(SolutionProperties) = preSolution
		HideSolutionNode = FALSE
	EndGlobalSection
	GlobalSection(ExtensibilityGlobals) = postSolution
		SolutionGuid = {9EBF88CA-92BA-4E67-A698-D93CB0559FB9}
	EndGlobalSection
EndGlobal
